
Microsoft Visual Studio Solution File, Format Version 12.00
# Visual Studio Version 17
VisualStudioVersion = 17.11.35312.102
MinimumVisualStudioVersion = 10.0.40219.1
Project("{FAE04EC0-301F-11D3-BF4B-00C04F79EFBC}") = "Atividademodulo1", "Atividademodulo1.csproj", "{8756F68C-BB89-4382-9BA1-22555A7F3A76}"
EndProject
Global
	GlobalSection(SolutionConfigurationPlatforms) = preSolution
		Debug|Any CPU = Debug|Any CPU
		Release|Any CPU = Release|Any CPU
	EndGlobalSection
	GlobalSection(ProjectConfigurationPlatforms) = postSolution
		{8756F68C-BB89-4382-9BA1-22555A7F3A76}.Debug|Any CPU.ActiveCfg = Debug|Any CPU
		{8756F68C-BB89-4382-9BA1-22555A7F3A76}.Debug|Any CPU.Build.0 = Debug|Any CPU
		{8756F68C-BB89-4382-9BA1-22555A7F3A76}.Release|Any CPU.ActiveCfg = Release|Any CPU
		{8756F68C-BB89-4382-9BA1-22555A7F3A76}.Release|Any CPU.Build.0 = Release|Any CPU
	EndGlobalSection
	GlobalSection(SolutionProperties) = preSolution
		HideSolutionNode = FALSE
	EndGlobalSection
	GlobalSection(ExtensibilityGlobals) = postSolution
		SolutionGuid = {84389881-F1A1-43B0-A87E-AD1790DB4250}
	EndGlobalSection
EndGlobal
